github.com/google/uuid v1.3.0 h1:t6JiXgmwXMjEs8VusXIJk2BXHsn+wx8BZdTaoZ5fu7I=
github.com/google/uuid v1.3.0/go.mod h1:TIyPZe4MgqvfeYDBFedMoGGpEw/LqOeaOT+nhxU+yHo=
github.com/hlhv/fsock v0.0.0-20220320041146-0ea1c4c1068b/go.mod h1:JZLxqhthbuj6yK9VpKT3Qx3hmhs8ofcEew/yP8E6OoQ=
github.com/hlhv/fsock v0.0.0-20220320042454-babab2fed524 h1:5UNBqsBznALoDDhcxfTV87UhgGk87tEVh/alFvwpyHY=
github.com/hlhv/fsock v0.0.0-20220320042454-babab2fed524/go.mod h1:JZLxqhthbuj6yK9VpKT3Qx3hmhs8ofcEew/yP8E6OoQ=
github.com/hlhv/protocol v0.0.0-20220323055047-685d7735773a h1:SjeKZevsIKu/NQw4dKUiAJBllCOP+FVHKjXaxalc4NE=
github.com/hlhv/protocol v0.0.0-20220323055047-685d7735773a/go.mod h1:coT2nFBDjAgv3vw5DsLy1lFen2e+CQUsacURJJjdnr0=
github.com/hlhv/scribe v0.0.0-20220324182224-80ef1f1c4574 h1:f9vhn1ZnFBmlNlH8H/XaPIF0vWWASjdLu+zbUHqITo8=
github.com/hlhv/scribe v0.0.0-20220324182224-80ef1f1c4574/go.mod h1:no+rCxthQ9inCEMt+rkUSCgpxDtvC62yzEzP9D+o/o4=
