github.com/akamensky/argparse v1.3.1 h1:kP6+OyvR0fuBH6UhbE6yh/nskrDEIQgEA1SUXDPjx4g=
github.com/akamensky/argparse v1.3.1/go.mod h1:S5kwC7IuDcEr5VeXtGPRVZ5o/FdhcMlQz4IZQuw64xA=
github.com/google/uuid v1.3.0 h1:t6JiXgmwXMjEs8VusXIJk2BXHsn+wx8BZdTaoZ5fu7I=
github.com/google/uuid v1.3.0/go.mod h1:TIyPZe4MgqvfeYDBFedMoGGpEw/LqOeaOT+nhxU+yHo=
github.com/hlhv/fsock v0.0.0-20220320041146-0ea1c4c1068b/go.mod h1:JZLxqhthbuj6yK9VpKT3Qx3hmhs8ofcEew/yP8E6OoQ=
github.com/hlhv/fsock v0.0.0-20220320042454-babab2fed524 h1:5UNBqsBznALoDDhcxfTV87UhgGk87tEVh/alFvwpyHY=
github.com/hlhv/fsock v0.0.0-20220320042454-babab2fed524/go.mod h1:JZLxqhthbuj6yK9VpKT3Qx3hmhs8ofcEew/yP8E6OoQ=
github.com/hlhv/protocol v0.0.0-20220330070737-274ee87d6aa3 h1:uisbpSg+QVJXTMk08IbVXL6cR3uY/oGOPpfOTCcjxJ4=
github.com/hlhv/protocol v0.0.0-20220330070737-274ee87d6aa3/go.mod h1:coT2nFBDjAgv3vw5DsLy1lFen2e+CQUsacURJJjdnr0=
github.com/hlhv/protocol v0.0.0-20220406165615-ecb4cca7fefb h1:eIryb+eg3majDN2undKXafVycAli2aCCgDSgQO4qP0o=
github.com/hlhv/protocol v0.0.0-20220406165615-ecb4cca7fefb/go.mod h1:coT2nFBDjAgv3vw5DsLy1lFen2e+CQUsacURJJjdnr0=
github.com/hlhv/protocol v0.0.0-20220408195126-613e0f5778a6 h1:tNB3aOazmX5nOy1p1NerBvTIPp9MatNoVxCPSn8o5gk=
github.com/hlhv/protocol v0.0.0-20220408195126-613e0f5778a6/go.mod h1:coT2nFBDjAgv3vw5DsLy1lFen2e+CQUsacURJJjdnr0=
github.com/hlhv/scribe v0.0.0-20220329213200-0b4286c92f42 h1:OsrtHchIZbB1gdMlOnmXepccRaHkwkU4yQllTNeu0Dc=
github.com/hlhv/scribe v0.0.0-20220329213200-0b4286c92f42/go.mod h1:no+rCxthQ9inCEMt+rkUSCgpxDtvC62yzEzP9D+o/o4=
github.com/hlhv/scribe v0.0.0-20220405004933-1bac59b62e42 h1:fpkDF4I+k7ezdltQiih2+JC6HUGqCd8YwTKp+HqHoUw=
github.com/hlhv/scribe v0.0.0-20220405004933-1bac59b62e42/go.mod h1:no+rCxthQ9inCEMt+rkUSCgpxDtvC62yzEzP9D+o/o4=
golang.org/x/crypto v0.0.0-20220321153916-2c7772ba3064 h1:S25/rfnfsMVgORT4/J61MJ7rdyseOZOyvLIrZEZ7s6s=
golang.org/x/crypto v0.0.0-20220321153916-2c7772ba3064/go.mod h1:IxCIyHEi3zRg3s0A5j5BB6A9Jmi73HwBIUl50j+osU4=
golang.org/x/net v0.0.0-20211112202133-69e39bad7dc2/go.mod h1:9nx3DQGgdP8bBQD5qxJ1jj9UTztislL4KSBs9R2vV5Y=
golang.org/x/sys v0.0.0-20201119102817-f84b799fce68/go.mod h1:h1NjWce9XRLGQEsW7wpKNCjG9DtNlClVuFLEZdDNbEs=
golang.org/x/sys v0.0.0-20210423082822-04245dca01da/go.mod h1:h1NjWce9XRLGQEsW7wpKNCjG9DtNlClVuFLEZdDNbEs=
golang.org/x/sys v0.0.0-20210615035016-665e8c7367d1/go.mod h1:oPkhp1MJrh7nUepCBck5+mAzfO9JrbApNNgaTdGDITg=
golang.org/x/term v0.0.0-20201126162022-7de9c90e9dd1/go.mod h1:bj7SfCRtBDWHUb9snDiAeCFNEtKQo2Wmx5Cou7ajbmo=
golang.org/x/text v0.3.6/go.mod h1:5Zoc/QRtKVWzQhOtBMvqHzDpF6irO9z98xDceosuGiQ=
golang.org/x/tools v0.0.0-20180917221912-90fa682c2a6e/go.mod h1:n7NCudcB/nEzxVGmLbDWY5pfWTLqBcC2KZ6jyYvM4mQ=
